// !$*UTF8*$!
{
	archiveVersion = 1;
	classes = {
	};
	objectVersion = 77;
	objects = {

/* Begin PBXBuildFile section */
		ADAA25822F7C8FA100E747AA /* DepthSlidesSlides in Frameworks */ = {isa = PBXBuildFile; productRef = ADAA25812F7C8FA100E747AA /* DepthSlidesSlides */; };
/* End PBXBuildFile section */

/* Begin PBXContainerItemProxy section */
		ADC53BCB2F7C8D6300BD38C3 /* PBXContainerItemProxy */ = {
			isa = PBXContainerItemProxy;
			containerPortal = ADC53BB52F7C8D6200BD38C3 /* Project object */;
			proxyType = 1;
			remoteGlobalIDString = ADC53BBC2F7C8D6200BD38C3;
			remoteInfo = DepthSlides;
		};
		ADC53BD52F7C8D6300BD38C3 /* PBXContainerItemProxy */ = {
			isa = PBXContainerItemProxy;
			containerPortal = ADC53BB52F7C8D6200BD38C3 /* Project object */;
			proxyType = 1;
			remoteGlobalIDString = ADC53BBC2F7C8D6200BD38C3;
			remoteInfo = DepthSlides;
		};
/* End PBXContainerItemProxy section */

/* Begin PBXFileReference section */
		ADC53BBD2F7C8D6200BD38C3 /* DepthSlides.app */ = {isa = PBXFileReference; explicitFileType = wrapper.application; includeInIndex = 0; path = DepthSlides.app; sourceTree = BUILT_PRODUCTS_DIR; };
		ADC53BCA2F7C8D6300BD38C3 /* DepthSlidesTests.xctest */ = {isa = PBXFileReference; explicitFileType = wrapper.cfbundle; includeInIndex = 0; path = DepthSlidesTests.xctest; sourceTree = BUILT_PRODUCTS_DIR; };
		ADC53BD42F7C8D6300BD38C3 /* DepthSlidesUITests.xctest */ = {isa = PBXFileReference; explicitFileType = wrapper.cfbundle; includeInIndex = 0; path = DepthSlidesUITests.xctest; sourceTree = BUILT_PRODUCTS_DIR; };
		ADC53BF42F7C8E1200BD38C3 /* DepthSlidesPackage */ = {isa = PBXFileReference; lastKnownFileType = wrapper; path = DepthSlidesPackage; sourceTree = SOURCE_ROOT; };
/* End PBXFileReference section */

/* Begin PBXFileSystemSynchronizedBuildFileExceptionSet section */
		ADC53C022F7C8E9000BD38C3 /* Exceptions for "DepthSlides" folder in "DepthSlides" target */ = {
			isa = PBXFileSystemSynchronizedBuildFileExceptionSet;
			membershipExceptions = (
				Info.plist,
			);
			target = ADC53BBC2F7C8D6200BD38C3 /* DepthSlides */;
		};
/* End PBXFileSystemSynchronizedBuildFileExceptionSet section */

/* Begin PBXFileSystemSynchronizedRootGroup section */
		ADC53BBF2F7C8D6200BD38C3 /* DepthSlides */ = {
			isa = PBXFileSystemSynchronizedRootGroup;
			exceptions = (
				ADC53C022F7C8E9000BD38C3 /* Exceptions for "DepthSlides" folder in "DepthSlides" target */,
			);
			path = DepthSlides;
			sourceTree = "<group>";
		};
		ADC53BCD2F7C8D6300BD38C3 /* DepthSlidesTests */ = {
			isa = PBXFileSystemSynchronizedRootGroup;
			path = DepthSlidesTests;
			sourceTree = "<group>";
		};
		ADC53BD72F7C8D6300BD38C3 /* DepthSlidesUITests */ = {
			isa = PBXFileSystemSynchronizedRootGroup;
			path = DepthSlidesUITests;
			sourceTree = "<group>";
		};
/* End PBXFileSystemSynchronizedRootGroup section */

/* Begin PBXFrameworksBuildPhase section */
		ADC53BBA2F7C8D6200BD38C3 /* Frameworks */ = {
			isa = PBXFrameworksBuildPhase;
			buildActionMask = 2147483647;
			files = (
				ADAA25822F7C8FA100E747AA /* DepthSlidesSlides in Frameworks */,
			);
			runOnlyForDeploymentPostprocessing = 0;
		};
		ADC53BC72F7C8D6300BD38C3 /* Frameworks */ = {
			isa = PBXFrameworksBuildPhase;
			buildActionMask = 2147483647;
			files = (
			);
			runOnlyForDeploymentPostprocessing = 0;
		};
		ADC53BD12F7C8D6300BD38C3 /* Frameworks */ = {
			isa = PBXFrameworksBuildPhase;
			buildActionMask = 2147483647;
			files = (
			);
			runOnlyForDeploymentPostprocessing = 0;
		};
/* End PBXFrameworksBuildPhase section */

/* Begin PBXGroup section */
		ADC53BB42F7C8D6200BD38C3 = {
			isa = PBXGroup;
			children = (
				ADC53BF42F7C8E1200BD38C3 /* DepthSlidesPackage */,
				ADC53BBF2F7C8D6200BD38C3 /* DepthSlides */,
				ADC53BCD2F7C8D6300BD38C3 /* DepthSlidesTests */,
				ADC53BD72F7C8D6300BD38C3 /* DepthSlidesUITests */,
				ADC53C012F7C8E9000BD38C3 /* Frameworks */,
				ADC53BBE2F7C8D6200BD38C3 /* Products */,
			);
			sourceTree = "<group>";
		};
		ADC53BBE2F7C8D6200BD38C3 /* Products */ = {
			isa = PBXGroup;
			children = (
				ADC53BBD2F7C8D6200BD38C3 /* DepthSlides.app */,
				ADC53BCA2F7C8D6300BD38C3 /* DepthSlidesTests.xctest */,
				ADC53BD42F7C8D6300BD38C3 /* DepthSlidesUITests.xctest */,
			);
			name = Products;
			sourceTree = "<group>";
		};
		ADC53C012F7C8E9000BD38C3 /* Frameworks */ = {
			isa = PBXGroup;
			children = (
			);
			name = Frameworks;
			sourceTree = "<group>";
		};
/* End PBXGroup section */

/* Begin PBXNativeTarget section */
		ADC53BBC2F7C8D6200BD38C3 /* DepthSlides */ = {
			isa = PBXNativeTarget;
			buildConfigurationList = ADC53BDE2F7C8D6300BD38C3 /* Build configuration list for PBXNativeTarget "DepthSlides" */;
			buildPhases = (
				ADC53BB92F7C8D6200BD38C3 /* Sources */,
				ADC53BBA2F7C8D6200BD38C3 /* Frameworks */,
				ADC53BBB2F7C8D6200BD38C3 /* Resources */,
			);
			buildRules = (
			);
			dependencies = (
			);
			fileSystemSynchronizedGroups = (
				ADC53BBF2F7C8D6200BD38C3 /* DepthSlides */,
			);
			name = DepthSlides;
			packageProductDependencies = (
				ADAA25812F7C8FA100E747AA /* DepthSlidesSlides */,
			);
			productName = DepthSlides;
			productReference = ADC53BBD2F7C8D6200BD38C3 /* DepthSlides.app */;
			productType = "com.apple.product-type.application";
		};
		ADC53BC92F7C8D6300BD38C3 /* DepthSlidesTests */ = {
			isa = PBXNativeTarget;
			buildConfigurationList = ADC53BE12F7C8D6300BD38C3 /* Build configuration list for PBXNativeTarget "DepthSlidesTests" */;
			buildPhases = (
				ADC53BC62F7C8D6300BD38C3 /* Sources */,
				ADC53BC72F7C8D6300BD38C3 /* Frameworks */,
				ADC53BC82F7C8D6300BD38C3 /* Resources */,
			);
			buildRules = (
			);
			dependencies = (
				ADC53BCC2F7C8D6300BD38C3 /* PBXTargetDependency */,
			);
			fileSystemSynchronizedGroups = (
				ADC53BCD2F7C8D6300BD38C3 /* DepthSlidesTests */,
			);
			name = DepthSlidesTests;
			packageProductDependencies = (
			);
			productName = DepthSlidesTests;
			productReference = ADC53BCA2F7C8D6300BD38C3 /* DepthSlidesTests.xctest */;
			productType = "com.apple.product-type.bundle.unit-test";
		};
		ADC53BD32F7C8D6300BD38C3 /* DepthSlidesUITests */ = {
			isa = PBXNativeTarget;
			buildConfigurationList = ADC53BE42F7C8D6300BD38C3 /* Build configuration list for PBXNativeTarget "DepthSlidesUITests" */;
			buildPhases = (
				ADC53BD02F7C8D6300BD38C3 /* Sources */,
				ADC53BD12F7C8D6300BD38C3 /* Frameworks */,
				ADC53BD22F7C8D6300BD38C3 /* Resources */,
			);
			buildRules = (
			);
			dependencies = (
				ADC53BD62F7C8D6300BD38C3 /* PBXTargetDependency */,
			);
			fileSystemSynchronizedGroups = (
				ADC53BD72F7C8D6300BD38C3 /* DepthSlidesUITests */,
			);
			name = DepthSlidesUITests;
			packageProductDependencies = (
			);
			productName = DepthSlidesUITests;
			productReference = ADC53BD42F7C8D6300BD38C3 /* DepthSlidesUITests.xctest */;
			productType = "com.apple.product-type.bundle.ui-testing";
		};
/* End PBXNativeTarget section */

/* Begin PBXProject section */
		ADC53BB52F7C8D6200BD38C3 /* Project object */ = {
			isa = PBXProject;
			attributes = {
				BuildIndependentTargetsInParallel = 1;
				LastSwiftUpdateCheck = 2640;
				LastUpgradeCheck = 2640;
				TargetAttributes = {
					ADC53BBC2F7C8D6200BD38C3 = {
						CreatedOnToolsVersion = 26.4;
					};
					ADC53BC92F7C8D6300BD38C3 = {
						CreatedOnToolsVersion = 26.4;
						TestTargetID = ADC53BBC2F7C8D6200BD38C3;
					};
					ADC53BD32F7C8D6300BD38C3 = {
						CreatedOnToolsVersion = 26.4;
						TestTargetID = ADC53BBC2F7C8D6200BD38C3;
					};
				};
			};
			buildConfigurationList = ADC53BB82F7C8D6200BD38C3 /* Build configuration list for PBXProject "DepthSlides" */;
			developmentRegion = en;
			hasScannedForEncodings = 0;
			knownRegions = (
				en,
				Base,
			);
			mainGroup = ADC53BB42F7C8D6200BD38C3;
			minimizedProjectReferenceProxies = 1;
			preferredProjectObjectVersion = 77;
			productRefGroup = ADC53BBE2F7C8D6200BD38C3 /* Products */;
			projectDirPath = "";
			projectRoot = "";
			targets = (
				ADC53BBC2F7C8D6200BD38C3 /* DepthSlides */,
				ADC53BC92F7C8D6300BD38C3 /* DepthSlidesTests */,
				ADC53BD32F7C8D6300BD38C3 /* DepthSlidesUITests */,
			);
		};
/* End PBXProject section */

/* Begin PBXResourcesBuildPhase section */
		ADC53BBB2F7C8D6200BD38C3 /* Resources */ = {
			isa = PBXResourcesBuildPhase;
			buildActionMask = 2147483647;
			files = (
			);
			runOnlyForDeploymentPostprocessing = 0;
		};
		ADC53BC82F7C8D6300BD38C3 /* Resources */ = {
			isa = PBXResourcesBuildPhase;
			buildActionMask = 2147483647;
			files = (
			);
			runOnlyForDeploymentPostprocessing = 0;
		};
		ADC53BD22F7C8D6300BD38C3 /* Resources */ = {
			isa = PBXResourcesBuildPhase;
			buildActionMask = 2147483647;
			files = (
			);
			runOnlyForDeploymentPostprocessing = 0;
		};
/* End PBXResourcesBuildPhase section */

/* Begin PBXSourcesBuildPhase section */
		ADC53BB92F7C8D6200BD38C3 /* Sources */ = {
			isa = PBXSourcesBuildPhase;
			buildActionMask = 2147483647;
			files = (
			);
			runOnlyForDeploymentPostprocessing = 0;
		};
		ADC53BC62F7C8D6300BD38C3 /* Sources */ = {
			isa = PBXSourcesBuildPhase;
			buildActionMask = 2147483647;
			files = (
			);
			runOnlyForDeploymentPostprocessing = 0;
		};
		ADC53BD02F7C8D6300BD38C3 /* Sources */ = {
			isa = PBXSourcesBuildPhase;
			buildActionMask = 2147483647;
			files = (
			);
			runOnlyForDeploymentPostprocessing = 0;
		};
/* End PBXSourcesBuildPhase section */

/* Begin PBXTargetDependency section */
		ADC53BCC2F7C8D6300BD38C3 /* PBXTargetDependency */ = {
			isa = PBXTargetDependency;
			target = ADC53BBC2F7C8D6200BD38C3 /* DepthSlides */;
			targetProxy = ADC53BCB2F7C8D6300BD38C3 /* PBXContainerItemProxy */;
		};
		ADC53BD62F7C8D6300BD38C3 /* PBXTargetDependency */ = {
			isa = PBXTargetDependency;
			target = ADC53BBC2F7C8D6200BD38C3 /* DepthSlides */;
			targetProxy = ADC53BD52F7C8D6300BD38C3 /* PBXContainerItemProxy */;
		};
/* End PBXTargetDependency section */

/* Begin XCBuildConfiguration section */
		ADC53BDC2F7C8D6300BD38C3 /* Debug */ = {
			isa = XCBuildConfiguration;
			buildSettings = {
				ALWAYS_SEARCH_USER_PATHS = NO;
				ASSETCATALOG_COMPILER_GENERATE_SWIFT_ASSET_SYMBOL_EXTENSIONS = YES;
				CLANG_ANALYZER_NONNULL = YES;
				CLANG_ANALYZER_NUMBER_OBJECT_CONVERSION = YES_AGGRESSIVE;
				CLANG_CXX_LANGUAGE_STANDARD = "gnu++20";
				CLANG_ENABLE_MODULES = YES;
				CLANG_ENABLE_OBJC_ARC = YES;
				CLANG_ENABLE_OBJC_WEAK = YES;
				CLANG_WARN_BLOCK_CAPTURE_AUTORELEASING = YES;
				CLANG_WARN_BOOL_CONVERSION = YES;
				CLANG_WARN_COMMA = YES;
				CLANG_WARN_CONSTANT_CONVERSION = YES;
				CLANG_WARN_DEPRECATED_OBJC_IMPLEMENTATIONS = YES;
				CLANG_WARN_DIRECT_OBJC_ISA_USAGE = YES_ERROR;
				CLANG_WARN_DOCUMENTATION_COMMENTS = YES;
				CLANG_WARN_EMPTY_BODY = YES;
				CLANG_WARN_ENUM_CONVERSION = YES;
				CLANG_WARN_INFINITE_RECURSION = YES;
				CLANG_WARN_INT_CONVERSION = YES;
				CLANG_WARN_NON_LITERAL_NULL_CONVERSION = YES;
				CLANG_WARN_OBJC_IMPLICIT_RETAIN_SELF = YES;
				CLANG_WARN_OBJC_LITERAL_CONVERSION = YES;
				CLANG_WARN_OBJC_ROOT_CLASS = YES_ERROR;
				CLANG_WARN_QUOTED_INCLUDE_IN_FRAMEWORK_HEADER = YES;
				CLANG_WARN_RANGE_LOOP_ANALYSIS = YES;
				CLANG_WARN_STRICT_PROTOTYPES = YES;
				CLANG_WARN_SUSPICIOUS_MOVE = YES;
				CLANG_WARN_UNGUARDED_AVAILABILITY = YES_AGGRESSIVE;
				CLANG_WARN_UNREACHABLE_CODE = YES;
				CLANG_WARN__DUPLICATE_METHOD_MATCH = YES;
				COPY_PHASE_STRIP = NO;
				DEBUG_INFORMATION_FORMAT = dwarf;
				DEVELOPMENT_TEAM = K84E4S7G4C;
				ENABLE_STRICT_OBJC_MSGSEND = YES;
				ENABLE_TESTABILITY = YES;
				ENABLE_USER_SCRIPT_SANDBOXING = YES;
				GCC_C_LANGUAGE_STANDARD = gnu17;
				GCC_DYNAMIC_NO_PIC = NO;
				GCC_NO_COMMON_BLOCKS = YES;
				GCC_OPTIMIZATION_LEVEL = 0;
				GCC_PREPROCESSOR_DEFINITIONS = (
					"DEBUG=1",
					"$(inherited)",
				);
				GCC_WARN_64_TO_32_BIT_CONVERSION = YES;
				GCC_WARN_ABOUT_RETURN_TYPE = YES_ERROR;
				GCC_WARN_UNDECLARED_SELECTOR = YES;
				GCC_WARN_UNINITIALIZED_AUTOS = YES_AGGRESSIVE;
				GCC_WARN_UNUSED_FUNCTION = YES;
				GCC_WARN_UNUSED_VARIABLE = YES;
				IPHONEOS_DEPLOYMENT_TARGET = 26.4;
				LOCALIZATION_PREFERS_STRING_CATALOGS = YES;
				MTL_ENABLE_DEBUG_INFO = INCLUDE_SOURCE;
				MTL_FAST_MATH = YES;
				ONLY_ACTIVE_ARCH = YES;
				SDKROOT = iphoneos;
				SWIFT_ACTIVE_COMPILATION_CONDITIONS = "DEBUG $(inherited)";
				SWIFT_OPTIMIZATION_LEVEL = "-Onone";
			};
			name = Debug;
		};
		ADC53BDD2F7C8D6300BD38C3 /* Release */ = {
			isa = XCBuildConfiguration;
			buildSettings = {
				ALWAYS_SEARCH_USER_PATHS = NO;
				ASSETCATALOG_COMPILER_GENERATE_SWIFT_ASSET_SYMBOL_EXTENSIONS = YES;
				CLANG_ANALYZER_NONNULL = YES;
				CLANG_ANALYZER_NUMBER_OBJECT_CONVERSION = YES_AGGRESSIVE;
				CLANG_CXX_LANGUAGE_STANDARD = "gnu++20";
				CLANG_ENABLE_MODULES = YES;
				CLANG_ENABLE_OBJC_ARC = YES;
				CLANG_ENABLE_OBJC_WEAK = YES;
				CLANG_WARN_BLOCK_CAPTURE_AUTORELEASING = YES;
				CLANG_WARN_BOOL_CONVERSION = YES;
				CLANG_WARN_COMMA = YES;
				CLANG_WARN_CONSTANT_CONVERSION = YES;
				CLANG_WARN_DEPRECATED_OBJC_IMPLEMENTATIONS = YES;
				CLANG_WARN_DIRECT_OBJC_ISA_USAGE = YES_ERROR;
				CLANG_WARN_DOCUMENTATION_COMMENTS = YES;
				CLANG_WARN_EMPTY_BODY = YES;
				CLANG_WARN_ENUM_CONVERSION = YES;
				CLANG_WARN_INFINITE_RECURSION = YES;
				CLANG_WARN_INT_CONVERSION = YES;
				CLANG_WARN_NON_LITERAL_NULL_CONVERSION = YES;
				CLANG_WARN_OBJC_IMPLICIT_RETAIN_SELF = YES;
				CLANG_WARN_OBJC_LITERAL_CONVERSION = YES;
				CLANG_WARN_OBJC_ROOT_CLASS = YES_ERROR;
				CLANG_WARN_QUOTED_INCLUDE_IN_FRAMEWORK_HEADER = YES;
				CLANG_WARN_RANGE_LOOP_ANALYSIS = YES;
				CLANG_WARN_STRICT_PROTOTYPES = YES;
				CLANG_WARN_SUSPICIOUS_MOVE = YES;
				CLANG_WARN_UNGUARDED_AVAILABILITY = YES_AGGRESSIVE;
				CLANG_WARN_UNREACHABLE_CODE = YES;
				CLANG_WARN__DUPLICATE_METHOD_MATCH = YES;
				COPY_PHASE_STRIP = NO;
				DEBUG_INFORMATION_FORMAT = "dwarf-with-dsym";
				DEVELOPMENT_TEAM = K84E4S7G4C;
				ENABLE_NS_ASSERTIONS = NO;
				ENABLE_STRICT_OBJC_MSGSEND = YES;
				ENABLE_USER_SCRIPT_SANDBOXING = YES;
				GCC_C_LANGUAGE_STANDARD = gnu17;
				GCC_NO_COMMON_BLOCKS = YES;
				GCC_WARN_64_TO_32_BIT_CONVERSION = YES;
				GCC_WARN_ABOUT_RETURN_TYPE = YES_ERROR;
				GCC_WARN_UNDECLARED_SELECTOR = YES;
				GCC_WARN_UNINITIALIZED_AUTOS = YES_AGGRESSIVE;
				GCC_WARN_UNUSED_FUNCTION = YES;
				GCC_WARN_UNUSED_VARIABLE = YES;
				IPHONEOS_DEPLOYMENT_TARGET = 26.4;
				LOCALIZATION_PREFERS_STRING_CATALOGS = YES;
				MTL_ENABLE_DEBUG_INFO = NO;
				MTL_FAST_MATH = YES;
				SDKROOT = iphoneos;
				SWIFT_COMPILATION_MODE = wholemodule;
				VALIDATE_PRODUCT = YES;
			};
			name = Release;
		};
		ADC53BDF2F7C8D6300BD38C3 /* Debug */ = {
			isa = XCBuildConfiguration;
			buildSettings = {
				ASSETCATALOG_COMPILER_APPICON_NAME = AppIcon;
				ASSETCATALOG_COMPILER_GLOBAL_ACCENT_COLOR_NAME = AccentColor;
				CODE_SIGN_STYLE = Automatic;
				CURRENT_PROJECT_VERSION = 1;
				DEVELOPMENT_TEAM = K84E4S7G4C;
				ENABLE_APP_SANDBOX = YES;
				ENABLE_HARDENED_RUNTIME = YES;
				ENABLE_INCOMING_NETWORK_CONNECTIONS = YES;
				ENABLE_OUTGOING_NETWORK_CONNECTIONS = YES;
				ENABLE_PREVIEWS = YES;
				ENABLE_RESOURCE_ACCESS_AUDIO_INPUT = NO;
				ENABLE_RESOURCE_ACCESS_BLUETOOTH = NO;
				ENABLE_RESOURCE_ACCESS_CALENDARS = NO;
				ENABLE_RESOURCE_ACCESS_CAMERA = NO;
				ENABLE_RESOURCE_ACCESS_CONTACTS = NO;
				ENABLE_RESOURCE_ACCESS_LOCATION = NO;
				ENABLE_RESOURCE_ACCESS_PRINTING = NO;
				ENABLE_RESOURCE_ACCESS_USB = NO;
				ENABLE_USER_SELECTED_FILES = readwrite;
				GENERATE_INFOPLIST_FILE = YES;
				INFOPLIST_FILE = DepthSlides/Info.plist;
				INFOPLIST_KEY_UIApplicationSupportsIndirectInputEvents = YES;
				INFOPLIST_KEY_UISupportedInterfaceOrientations = "UIInterfaceOrientationLandscapeLeft UIInterfaceOrientationLandscapeRight UIInterfaceOrientationPortrait UIInterfaceOrientationPortraitUpsideDown";
				IPHONEOS_DEPLOYMENT_TARGET = 26.0;
				LD_RUNPATH_SEARCH_PATHS = (
					"$(inherited)",
					"@executable_path/Frameworks",
				);
				MARKETING_VERSION = 1.0;
				PRODUCT_BUNDLE_IDENTIFIER = me.fromkk.DepthSlides;
				PRODUCT_NAME = "$(TARGET_NAME)";
				REGISTER_APP_GROUPS = YES;
				STRING_CATALOG_GENERATE_SYMBOLS = YES;
				SUPPORTED_PLATFORMS = "iphoneos iphonesimulator macosx";
				SUPPORTS_MACCATALYST = NO;
				SUPPORTS_MAC_DESIGNED_FOR_IPHONE_IPAD = NO;
				SWIFT_APPROACHABLE_CONCURRENCY = YES;
				SWIFT_DEFAULT_ACTOR_ISOLATION = MainActor;
				SWIFT_EMIT_LOC_STRINGS = YES;
				SWIFT_UPCOMING_FEATURE_MEMBER_IMPORT_VISIBILITY = YES;
				SWIFT_VERSION = 5.0;
				TARGETED_DEVICE_FAMILY = "1,2";
			};
			name = Debug;
		};
		ADC53BE02F7C8D6300BD38C3 /* Release */ = {
			isa = XCBuildConfiguration;
			buildSettings = {
				ASSETCATALOG_COMPILER_APPICON_NAME = AppIcon;
				ASSETCATALOG_COMPILER_GLOBAL_ACCENT_COLOR_NAME = AccentColor;
				CODE_SIGN_STYLE = Automatic;
				CURRENT_PROJECT_VERSION = 1;
				DEVELOPMENT_TEAM = K84E4S7G4C;
				ENABLE_APP_SANDBOX = YES;
				ENABLE_HARDENED_RUNTIME = YES;
				ENABLE_INCOMING_NETWORK_CONNECTIONS = YES;
				ENABLE_OUTGOING_NETWORK_CONNECTIONS = YES;
				ENABLE_PREVIEWS = YES;
				ENABLE_RESOURCE_ACCESS_AUDIO_INPUT = NO;
				ENABLE_RESOURCE_ACCESS_BLUETOOTH = NO;
				ENABLE_RESOURCE_ACCESS_CALENDARS = NO;
				ENABLE_RESOURCE_ACCESS_CAMERA = NO;
				ENABLE_RESOURCE_ACCESS_CONTACTS = NO;
				ENABLE_RESOURCE_ACCESS_LOCATION = NO;
				ENABLE_RESOURCE_ACCESS_PRINTING = NO;
				ENABLE_RESOURCE_ACCESS_USB = NO;
				ENABLE_USER_SELECTED_FILES = readwrite;
				GENERATE_INFOPLIST_FILE = YES;
				INFOPLIST_FILE = DepthSlides/Info.plist;
				INFOPLIST_KEY_UIApplicationSupportsIndirectInputEvents = YES;
				INFOPLIST_KEY_UISupportedInterfaceOrientations = "UIInterfaceOrientationLandscapeLeft UIInterfaceOrientationLandscapeRight UIInterfaceOrientationPortrait UIInterfaceOrientationPortraitUpsideDown";
				IPHONEOS_DEPLOYMENT_TARGET = 26.0;
				LD_RUNPATH_SEARCH_PATHS = (
					"$(inherited)",
					"@executable_path/Frameworks",
				);
				MARKETING_VERSION = 1.0;
				PRODUCT_BUNDLE_IDENTIFIER = me.fromkk.DepthSlides;
				PRODUCT_NAME = "$(TARGET_NAME)";
				REGISTER_APP_GROUPS = YES;
				STRING_CATALOG_GENERATE_SYMBOLS = YES;
				SUPPORTED_PLATFORMS = "iphoneos iphonesimulator macosx";
				SUPPORTS_MACCATALYST = NO;
				SUPPORTS_MAC_DESIGNED_FOR_IPHONE_IPAD = NO;
				SWIFT_APPROACHABLE_CONCURRENCY = YES;
				SWIFT_DEFAULT_ACTOR_ISOLATION = MainActor;
				SWIFT_EMIT_LOC_STRINGS = YES;
				SWIFT_UPCOMING_FEATURE_MEMBER_IMPORT_VISIBILITY = YES;
				SWIFT_VERSION = 5.0;
				TARGETED_DEVICE_FAMILY = "1,2";
			};
			name = Release;
		};
		ADC53BE22F7C8D6300BD38C3 /* Debug */ = {
			isa = XCBuildConfiguration;
			buildSettings = {
				BUNDLE_LOADER = "$(TEST_HOST)";
				CODE_SIGN_STYLE = Automatic;
				CURRENT_PROJECT_VERSION = 1;
				DEVELOPMENT_TEAM = K84E4S7G4C;
				GENERATE_INFOPLIST_FILE = YES;
				IPHONEOS_DEPLOYMENT_TARGET = 26.4;
				MARKETING_VERSION = 1.0;
				PRODUCT_BUNDLE_IDENTIFIER = me.fromkk.DepthSlidesTests;
				PRODUCT_NAME = "$(TARGET_NAME)";
				STRING_CATALOG_GENERATE_SYMBOLS = NO;
				SWIFT_APPROACHABLE_CONCURRENCY = YES;
				SWIFT_EMIT_LOC_STRINGS = NO;
				SWIFT_UPCOMING_FEATURE_MEMBER_IMPORT_VISIBILITY = YES;
				SWIFT_VERSION = 5.0;
				TARGETED_DEVICE_FAMILY = "1,2";
				TEST_HOST = "$(BUILT_PRODUCTS_DIR)/DepthSlides.app/$(BUNDLE_EXECUTABLE_FOLDER_PATH)/DepthSlides";
			};
			name = Debug;
		};
		ADC53BE32F7C8D6300BD38C3 /* Release */ = {
			isa = XCBuildConfiguration;
			buildSettings = {
				BUNDLE_LOADER = "$(TEST_HOST)";
				CODE_SIGN_STYLE = Automatic;
				CURRENT_PROJECT_VERSION = 1;
				DEVELOPMENT_TEAM = K84E4S7G4C;
				GENERATE_INFOPLIST_FILE = YES;
				IPHONEOS_DEPLOYMENT_TARGET = 26.4;
				MARKETING_VERSION = 1.0;
				PRODUCT_BUNDLE_IDENTIFIER = me.fromkk.DepthSlidesTests;
				PRODUCT_NAME = "$(TARGET_NAME)";
				STRING_CATALOG_GENERATE_SYMBOLS = NO;
				SWIFT_APPROACHABLE_CONCURRENCY = YES;
				SWIFT_EMIT_LOC_STRINGS = NO;
				SWIFT_UPCOMING_FEATURE_MEMBER_IMPORT_VISIBILITY = YES;
				SWIFT_VERSION = 5.0;
				TARGETED_DEVICE_FAMILY = "1,2";
				TEST_HOST = "$(BUILT_PRODUCTS_DIR)/DepthSlides.app/$(BUNDLE_EXECUTABLE_FOLDER_PATH)/DepthSlides";
			};
			name = Release;
		};
		ADC53BE52F7C8D6300BD38C3 /* Debug */ = {
			isa = XCBuildConfiguration;
			buildSettings = {
				CODE_SIGN_STYLE = Automatic;
				CURRENT_PROJECT_VERSION = 1;
				DEVELOPMENT_TEAM = K84E4S7G4C;
				GENERATE_INFOPLIST_FILE = YES;
				MARKETING_VERSION = 1.0;
				PRODUCT_BUNDLE_IDENTIFIER = me.fromkk.DepthSlidesUITests;
				PRODUCT_NAME = "$(TARGET_NAME)";
				STRING_CATALOG_GENERATE_SYMBOLS = NO;
				SWIFT_APPROACHABLE_CONCURRENCY = YES;
				SWIFT_EMIT_LOC_STRINGS = NO;
				SWIFT_UPCOMING_FEATURE_MEMBER_IMPORT_VISIBILITY = YES;
				SWIFT_VERSION = 5.0;
				TARGETED_DEVICE_FAMILY = "1,2";
				TEST_TARGET_NAME = DepthSlides;
			};
			name = Debug;
		};
		ADC53BE62F7C8D6300BD38C3 /* Release */ = {
			isa = XCBuildConfiguration;
			buildSettings = {
				CODE_SIGN_STYLE = Automatic;
				CURRENT_PROJECT_VERSION = 1;
				DEVELOPMENT_TEAM = K84E4S7G4C;
				GENERATE_INFOPLIST_FILE = YES;
				MARKETING_VERSION = 1.0;
				PRODUCT_BUNDLE_IDENTIFIER = me.fromkk.DepthSlidesUITests;
				PRODUCT_NAME = "$(TARGET_NAME)";
				STRING_CATALOG_GENERATE_SYMBOLS = NO;
				SWIFT_APPROACHABLE_CONCURRENCY = YES;
				SWIFT_EMIT_LOC_STRINGS = NO;
				SWIFT_UPCOMING_FEATURE_MEMBER_IMPORT_VISIBILITY = YES;
				SWIFT_VERSION = 5.0;
				TARGETED_DEVICE_FAMILY = "1,2";
				TEST_TARGET_NAME = DepthSlides;
			};
			name = Release;
		};
/* End XCBuildConfiguration section */

/* Begin XCConfigurationList section */
		ADC53BB82F7C8D6200BD38C3 /* Build configuration list for PBXProject "DepthSlides" */ = {
			isa = XCConfigurationList;
			buildConfigurations = (
				ADC53BDC2F7C8D6300BD38C3 /* Debug */,
				ADC53BDD2F7C8D6300BD38C3 /* Release */,
			);
			defaultConfigurationIsVisible = 0;
			defaultConfigurationName = Release;
		};
		ADC53BDE2F7C8D6300BD38C3 /* Build configuration list for PBXNativeTarget "DepthSlides" */ = {
			isa = XCConfigurationList;
			buildConfigurations = (
				ADC53BDF2F7C8D6300BD38C3 /* Debug */,
				ADC53BE02F7C8D6300BD38C3 /* Release */,
			);
			defaultConfigurationIsVisible = 0;
			defaultConfigurationName = Release;
		};
		ADC53BE12F7C8D6300BD38C3 /* Build configuration list for PBXNativeTarget "DepthSlidesTests" */ = {
			isa = XCConfigurationList;
			buildConfigurations = (
				ADC53BE22F7C8D6300BD38C3 /* Debug */,
				ADC53BE32F7C8D6300BD38C3 /* Release */,
			);
			defaultConfigurationIsVisible = 0;
			defaultConfigurationName = Release;
		};
		ADC53BE42F7C8D6300BD38C3 /* Build configuration list for PBXNativeTarget "DepthSlidesUITests" */ = {
			isa = XCConfigurationList;
			buildConfigurations = (
				ADC53BE52F7C8D6300BD38C3 /* Debug */,
				ADC53BE62F7C8D6300BD38C3 /* Release */,
			);
			defaultConfigurationIsVisible = 0;
			defaultConfigurationName = Release;
		};
/* End XCConfigurationList section */

/* Begin XCSwiftPackageProductDependency section */
		ADAA25812F7C8FA100E747AA /* DepthSlidesSlides */ = {
			isa = XCSwiftPackageProductDependency;
			productName = DepthSlidesSlides;
		};
/* End XCSwiftPackageProductDependency section */
	};
	rootObject = ADC53BB52F7C8D6200BD38C3 /* Project object */;
}
