// !$*UTF8*$!
{
	archiveVersion = 1;
	classes = {
	};
	objectVersion = 77;
	objects = {

/* Begin PBXBuildFile section */
		42583FF17EB9AC3D6E5541C3 /* USBiPhoneScreenCaptureApp.swift in Sources */ = {isa = PBXBuildFile; fileRef = CD26836D35B483E3726A6B91 /* USBiPhoneScreenCaptureApp.swift */; };
		5451C3EFA3C11D8A681A7D68 /* ContentView.swift in Sources */ = {isa = PBXBuildFile; fileRef = D161C7D4DD9BDF50CD015ECE /* ContentView.swift */; };
		7F9D8C37132357A5D4F2AC5C /* ScreenCaptureController.swift in Sources */ = {isa = PBXBuildFile; fileRef = 63D8063559CF31FA27C82CDF /* ScreenCaptureController.swift */; };
		83986E5E2A8886091DDD504B /* CameraPreviewView.swift in Sources */ = {isa = PBXBuildFile; fileRef = 8F94A85621F38341E4010734 /* CameraPreviewView.swift */; };
		8557C55FF66B5812156F1576 /* DepthFileReader.swift in Sources */ = {isa = PBXBuildFile; fileRef = 3DC9210503B578A381435EEF /* DepthFileReader.swift */; };
/* End PBXBuildFile section */

/* Begin PBXFileReference section */
		18976ADD994CDCBEDA3871B3 /* Info.plist */ = {isa = PBXFileReference; lastKnownFileType = text.plist; path = Info.plist; sourceTree = "<group>"; };
		3DC9210503B578A381435EEF /* DepthFileReader.swift */ = {isa = PBXFileReference; lastKnownFileType = sourcecode.swift; path = DepthFileReader.swift; sourceTree = "<group>"; };
		63D8063559CF31FA27C82CDF /* ScreenCaptureController.swift */ = {isa = PBXFileReference; lastKnownFileType = sourcecode.swift; path = ScreenCaptureController.swift; sourceTree = "<group>"; };
		8C370D9861156B30ABF11A58 /* USBiPhoneScreenCapture.app */ = {isa = PBXFileReference; explicitFileType = wrapper.application; includeInIndex = 0; path = USBiPhoneScreenCapture.app; sourceTree = BUILT_PRODUCTS_DIR; };
		8F94A85621F38341E4010734 /* CameraPreviewView.swift */ = {isa = PBXFileReference; lastKnownFileType = sourcecode.swift; path = CameraPreviewView.swift; sourceTree = "<group>"; };
		CD26836D35B483E3726A6B91 /* USBiPhoneScreenCaptureApp.swift */ = {isa = PBXFileReference; lastKnownFileType = sourcecode.swift; path = USBiPhoneScreenCaptureApp.swift; sourceTree = "<group>"; };
		D161C7D4DD9BDF50CD015ECE /* ContentView.swift */ = {isa = PBXFileReference; lastKnownFileType = sourcecode.swift; path = ContentView.swift; sourceTree = "<group>"; };
/* End PBXFileReference section */

/* Begin PBXGroup section */
		2D421B5F04FE3DEE47897BA5 = {
			isa = PBXGroup;
			children = (
				F42C5E324DA34E465C201662 /* Sources */,
				3FF38A9608135B22AC640B82 /* Products */,
			);
			sourceTree = "<group>";
		};
		3FF38A9608135B22AC640B82 /* Products */ = {
			isa = PBXGroup;
			children = (
				8C370D9861156B30ABF11A58 /* USBiPhoneScreenCapture.app */,
			);
			name = Products;
			sourceTree = "<group>";
		};
		F42C5E324DA34E465C201662 /* Sources */ = {
			isa = PBXGroup;
			children = (
				8F94A85621F38341E4010734 /* CameraPreviewView.swift */,
				D161C7D4DD9BDF50CD015ECE /* ContentView.swift */,
				3DC9210503B578A381435EEF /* DepthFileReader.swift */,
				18976ADD994CDCBEDA3871B3 /* Info.plist */,
				63D8063559CF31FA27C82CDF /* ScreenCaptureController.swift */,
				CD26836D35B483E3726A6B91 /* USBiPhoneScreenCaptureApp.swift */,
			);
			path = Sources;
			sourceTree = "<group>";
		};
/* End PBXGroup section */

/* Begin PBXNativeTarget section */
		6E97C36A93E9171178A9EC5C /* USBiPhoneScreenCapture */ = {
			isa = PBXNativeTarget;
			buildConfigurationList = 71EE6BF02C95EF7B33F03868 /* Build configuration list for PBXNativeTarget "USBiPhoneScreenCapture" */;
			buildPhases = (
				3A82190AF0A020F3A3503356 /* Sources */,
			);
			buildRules = (
			);
			dependencies = (
			);
			name = USBiPhoneScreenCapture;
			packageProductDependencies = (
			);
			productName = USBiPhoneScreenCapture;
			productReference = 8C370D9861156B30ABF11A58 /* USBiPhoneScreenCapture.app */;
			productType = "com.apple.product-type.application";
		};
/* End PBXNativeTarget section */

/* Begin PBXProject section */
		2CBF4380785ACEC2AD7C5A02 /* Project object */ = {
			isa = PBXProject;
			attributes = {
				BuildIndependentTargetsInParallel = YES;
				LastUpgradeCheck = 1430;
				TargetAttributes = {
					6E97C36A93E9171178A9EC5C = {
						ProvisioningStyle = Automatic;
					};
				};
			};
			buildConfigurationList = 332969A14A2BC697C378DE10 /* Build configuration list for PBXProject "USBiPhoneScreenCapture" */;
			compatibilityVersion = "Xcode 14.0";
			developmentRegion = en;
			hasScannedForEncodings = 0;
			knownRegions = (
				Base,
				en,
			);
			mainGroup = 2D421B5F04FE3DEE47897BA5;
			minimizedProjectReferenceProxies = 1;
			preferredProjectObjectVersion = 77;
			projectDirPath = "";
			projectRoot = "";
			targets = (
				6E97C36A93E9171178A9EC5C /* USBiPhoneScreenCapture */,
			);
		};
/* End PBXProject section */

/* Begin PBXSourcesBuildPhase section */
		3A82190AF0A020F3A3503356 /* Sources */ = {
			isa = PBXSourcesBuildPhase;
			buildActionMask = 2147483647;
			files = (
				83986E5E2A8886091DDD504B /* CameraPreviewView.swift in Sources */,
				5451C3EFA3C11D8A681A7D68 /* ContentView.swift in Sources */,
				8557C55FF66B5812156F1576 /* DepthFileReader.swift in Sources */,
				7F9D8C37132357A5D4F2AC5C /* ScreenCaptureController.swift in Sources */,
				42583FF17EB9AC3D6E5541C3 /* USBiPhoneScreenCaptureApp.swift in Sources */,
			);
			runOnlyForDeploymentPostprocessing = 0;
		};
/* End PBXSourcesBuildPhase section */

/* Begin XCBuildConfiguration section */
		5B20F4CCB53CA76D02418AFD /* Debug */ = {
			isa = XCBuildConfiguration;
			buildSettings = {
				ASSETCATALOG_COMPILER_APPICON_NAME = AppIcon;
				CODE_SIGN_STYLE = Automatic;
				COMBINE_HIDPI_IMAGES = YES;
				CURRENT_PROJECT_VERSION = 1;
				ENABLE_APP_SANDBOX = NO;
				ENABLE_HARDENED_RUNTIME = NO;
				GENERATE_INFOPLIST_FILE = NO;
				INFOPLIST_FILE = Sources/Info.plist;
				LD_RUNPATH_SEARCH_PATHS = (
					"$(inherited)",
					"@executable_path/../Frameworks",
				);
				MACOSX_DEPLOYMENT_TARGET = 14.0;
				MARKETING_VERSION = 1.0;
				PRODUCT_BUNDLE_IDENTIFIER = info.fromkk.poc.USBiPhoneScreenCapture;
				SDKROOT = macosx;
				SWIFT_VERSION = 5.0;
			};
			name = Debug;
		};
		7F3DA15E9CFC81723C6A02C4 /* Release */ = {
			isa = XCBuildConfiguration;
			buildSettings = {
				ALWAYS_SEARCH_USER_PATHS = NO;
				CLANG_ANALYZER_NONNULL = YES;
				CLANG_ANALYZER_NUMBER_OBJECT_CONVERSION = YES_AGGRESSIVE;
				CLANG_CXX_LANGUAGE_STANDARD = "gnu++14";
				CLANG_CXX_LIBRARY = "libc++";
				CLANG_ENABLE_MODULES = YES;
				CLANG_ENABLE_OBJC_ARC = YES;
				CLANG_ENABLE_OBJC_WEAK = YES;
				CLANG_WARN_BLOCK_CAPTURE_AUTORELEASING = YES;
				CLANG_WARN_BOOL_CONVERSION = YES;
				CLANG_WARN_COMMA = YES;
				CLANG_WARN_CONSTANT_CONVERSION = YES;
				CLANG_WARN_DEPRECATED_OBJC_IMPLEMENTATIONS = YES;
				CLANG_WARN_DIRECT_OBJC_ISA_USAGE = YES_ERROR;
				CLANG_WARN_DOCUMENTATION_COMMENTS = YES;
				CLANG_WARN_EMPTY_BODY = YES;
				CLANG_WARN_ENUM_CONVERSION = YES;
				CLANG_WARN_INFINITE_RECURSION = YES;
				CLANG_WARN_INT_CONVERSION = YES;
				CLANG_WARN_NON_LITERAL_NULL_CONVERSION = YES;
				CLANG_WARN_OBJC_IMPLICIT_RETAIN_SELF = YES;
				CLANG_WARN_OBJC_LITERAL_CONVERSION = YES;
				CLANG_WARN_OBJC_ROOT_CLASS = YES_ERROR;
				CLANG_WARN_QUOTED_INCLUDE_IN_FRAMEWORK_HEADER = YES;
				CLANG_WARN_RANGE_LOOP_ANALYSIS = YES;
				CLANG_WARN_STRICT_PROTOTYPES = YES;
				CLANG_WARN_SUSPICIOUS_MOVE = YES;
				CLANG_WARN_UNGUARDED_AVAILABILITY = YES_AGGRESSIVE;
				CLANG_WARN_UNREACHABLE_CODE = YES;
				CLANG_WARN__DUPLICATE_METHOD_MATCH = YES;
				COPY_PHASE_STRIP = NO;
				DEBUG_INFORMATION_FORMAT = "dwarf-with-dsym";
				ENABLE_NS_ASSERTIONS = NO;
				ENABLE_STRICT_OBJC_MSGSEND = YES;
				GCC_C_LANGUAGE_STANDARD = gnu11;
				GCC_NO_COMMON_BLOCKS = YES;
				GCC_WARN_64_TO_32_BIT_CONVERSION = YES;
				GCC_WARN_ABOUT_RETURN_TYPE = YES_ERROR;
				GCC_WARN_UNDECLARED_SELECTOR = YES;
				GCC_WARN_UNINITIALIZED_AUTOS = YES_AGGRESSIVE;
				GCC_WARN_UNUSED_FUNCTION = YES;
				GCC_WARN_UNUSED_VARIABLE = YES;
				MTL_ENABLE_DEBUG_INFO = NO;
				MTL_FAST_MATH = YES;
				PRODUCT_NAME = "$(TARGET_NAME)";
				SDKROOT = macosx;
				SWIFT_COMPILATION_MODE = wholemodule;
				SWIFT_OPTIMIZATION_LEVEL = "-O";
				SWIFT_VERSION = 5.0;
			};
			name = Release;
		};
		B3B531C451924E33F6E5AD08 /* Debug */ = {
			isa = XCBuildConfiguration;
			buildSettings = {
				ALWAYS_SEARCH_USER_PATHS = NO;
				CLANG_ANALYZER_NONNULL = YES;
				CLANG_ANALYZER_NUMBER_OBJECT_CONVERSION = YES_AGGRESSIVE;
				CLANG_CXX_LANGUAGE_STANDARD = "gnu++14";
				CLANG_CXX_LIBRARY = "libc++";
				CLANG_ENABLE_MODULES = YES;
				CLANG_ENABLE_OBJC_ARC = YES;
				CLANG_ENABLE_OBJC_WEAK = YES;
				CLANG_WARN_BLOCK_CAPTURE_AUTORELEASING = YES;
				CLANG_WARN_BOOL_CONVERSION = YES;
				CLANG_WARN_COMMA = YES;
				CLANG_WARN_CONSTANT_CONVERSION = YES;
				CLANG_WARN_DEPRECATED_OBJC_IMPLEMENTATIONS = YES;
				CLANG_WARN_DIRECT_OBJC_ISA_USAGE = YES_ERROR;
				CLANG_WARN_DOCUMENTATION_COMMENTS = YES;
				CLANG_WARN_EMPTY_BODY = YES;
				CLANG_WARN_ENUM_CONVERSION = YES;
				CLANG_WARN_INFINITE_RECURSION = YES;
				CLANG_WARN_INT_CONVERSION = YES;
				CLANG_WARN_NON_LITERAL_NULL_CONVERSION = YES;
				CLANG_WARN_OBJC_IMPLICIT_RETAIN_SELF = YES;
				CLANG_WARN_OBJC_LITERAL_CONVERSION = YES;
				CLANG_WARN_OBJC_ROOT_CLASS = YES_ERROR;
				CLANG_WARN_QUOTED_INCLUDE_IN_FRAMEWORK_HEADER = YES;
				CLANG_WARN_RANGE_LOOP_ANALYSIS = YES;
				CLANG_WARN_STRICT_PROTOTYPES = YES;
				CLANG_WARN_SUSPICIOUS_MOVE = YES;
				CLANG_WARN_UNGUARDED_AVAILABILITY = YES_AGGRESSIVE;
				CLANG_WARN_UNREACHABLE_CODE = YES;
				CLANG_WARN__DUPLICATE_METHOD_MATCH = YES;
				COPY_PHASE_STRIP = NO;
				DEBUG_INFORMATION_FORMAT = dwarf;
				ENABLE_STRICT_OBJC_MSGSEND = YES;
				ENABLE_TESTABILITY = YES;
				GCC_C_LANGUAGE_STANDARD = gnu11;
				GCC_DYNAMIC_NO_PIC = NO;
				GCC_NO_COMMON_BLOCKS = YES;
				GCC_OPTIMIZATION_LEVEL = 0;
				GCC_PREPROCESSOR_DEFINITIONS = (
					"$(inherited)",
					"DEBUG=1",
				);
				GCC_WARN_64_TO_32_BIT_CONVERSION = YES;
				GCC_WARN_ABOUT_RETURN_TYPE = YES_ERROR;
				GCC_WARN_UNDECLARED_SELECTOR = YES;
				GCC_WARN_UNINITIALIZED_AUTOS = YES_AGGRESSIVE;
				GCC_WARN_UNUSED_FUNCTION = YES;
				GCC_WARN_UNUSED_VARIABLE = YES;
				MTL_ENABLE_DEBUG_INFO = INCLUDE_SOURCE;
				MTL_FAST_MATH = YES;
				ONLY_ACTIVE_ARCH = YES;
				PRODUCT_NAME = "$(TARGET_NAME)";
				SDKROOT = macosx;
				SWIFT_ACTIVE_COMPILATION_CONDITIONS = DEBUG;
				SWIFT_OPTIMIZATION_LEVEL = "-Onone";
				SWIFT_VERSION = 5.0;
			};
			name = Debug;
		};
		FDF2B9CC2DCC1905A94B1F3F /* Release */ = {
			isa = XCBuildConfiguration;
			buildSettings = {
				ASSETCATALOG_COMPILER_APPICON_NAME = AppIcon;
				CODE_SIGN_STYLE = Automatic;
				COMBINE_HIDPI_IMAGES = YES;
				CURRENT_PROJECT_VERSION = 1;
				ENABLE_APP_SANDBOX = NO;
				ENABLE_HARDENED_RUNTIME = NO;
				GENERATE_INFOPLIST_FILE = NO;
				INFOPLIST_FILE = Sources/Info.plist;
				LD_RUNPATH_SEARCH_PATHS = (
					"$(inherited)",
					"@executable_path/../Frameworks",
				);
				MACOSX_DEPLOYMENT_TARGET = 14.0;
				MARKETING_VERSION = 1.0;
				PRODUCT_BUNDLE_IDENTIFIER = info.fromkk.poc.USBiPhoneScreenCapture;
				SDKROOT = macosx;
				SWIFT_VERSION = 5.0;
			};
			name = Release;
		};
/* End XCBuildConfiguration section */

/* Begin XCConfigurationList section */
		332969A14A2BC697C378DE10 /* Build configuration list for PBXProject "USBiPhoneScreenCapture" */ = {
			isa = XCConfigurationList;
			buildConfigurations = (
				B3B531C451924E33F6E5AD08 /* Debug */,
				7F3DA15E9CFC81723C6A02C4 /* Release */,
			);
			defaultConfigurationIsVisible = 0;
			defaultConfigurationName = Debug;
		};
		71EE6BF02C95EF7B33F03868 /* Build configuration list for PBXNativeTarget "USBiPhoneScreenCapture" */ = {
			isa = XCConfigurationList;
			buildConfigurations = (
				5B20F4CCB53CA76D02418AFD /* Debug */,
				FDF2B9CC2DCC1905A94B1F3F /* Release */,
			);
			defaultConfigurationIsVisible = 0;
			defaultConfigurationName = Debug;
		};
/* End XCConfigurationList section */
	};
	rootObject = 2CBF4380785ACEC2AD7C5A02 /* Project object */;
}
